
Microsoft Visual Studio Solution File, Format Version 12.00
Project("{FAE04EC0-301F-11D3-BF4B-00C04F79EFBC}") = "WebApp", "WebApp\WebApp.csproj", "{E9A0E4DD-BE86-4434-8AD4-3B82F06D6F56}"
EndProject
Project("{FAE04EC0-301F-11D3-BF4B-00C04F79EFBC}") = "DAL.App.EF", "DAL.App.EF\DAL.App.EF.csproj", "{3CA4109E-E716-4B93-9FC7-B94B939396EC}"
EndProject
Project("{2150E333-8FDC-42A3-9474-1A3956D46DE8}") = "Solution items", "Solution items", "{6C7D317C-9F75-4381-AE81-A54B08AC1886}"
ProjectSection(SolutionItems) = preProject
	Directory.Build.props = Directory.Build.props
	.dockerignore = .dockerignore
	Dockerfile = Dockerfile
	Homework.sln = Homework.sln
	README.md = README.md
	.idea\.idea.Homework\.idea\.gitignore = .idea\.idea.Homework\.idea\.gitignore
EndProjectSection
EndProject
Project("{FAE04EC0-301F-11D3-BF4B-00C04F79EFBC}") = "Domain.App", "Domain.App\Domain.App.csproj", "{ADADE853-1385-4BAB-ABC8-CEA770140DD6}"
EndProject
Project("{FAE04EC0-301F-11D3-BF4B-00C04F79EFBC}") = "Domain.Base", "Domain.Base\Domain.Base.csproj", "{C0164AE6-9860-48F0-BA8E-398E3C3A6E78}"
EndProject
Project("{FAE04EC0-301F-11D3-BF4B-00C04F79EFBC}") = "Contracts.Domain.Base", "Contracts.Domain.Base\Contracts.Domain.Base.csproj", "{58AADC6C-B0A8-4AE7-BD3E-022635931565}"
EndProject
Project("{FAE04EC0-301F-11D3-BF4B-00C04F79EFBC}") = "DAL.Base.EF", "DAL.Base.EF\DAL.Base.EF.csproj", "{02FF75FE-70D7-4388-906E-CDBF6A0B66DC}"
EndProject
Project("{FAE04EC0-301F-11D3-BF4B-00C04F79EFBC}") = "Contracts.DAL.Base", "Contracts.DAL.Base\Contracts.DAL.Base.csproj", "{F119FC9A-3A4D-4B56-BD18-28F509BBE62B}"
EndProject
Project("{FAE04EC0-301F-11D3-BF4B-00C04F79EFBC}") = "Contracts.DAL.App", "Contracts.DAL.App\Contracts.DAL.App.csproj", "{B2F2E114-EA4D-41F3-893A-95ABB6577A2F}"
EndProject
Project("{FAE04EC0-301F-11D3-BF4B-00C04F79EFBC}") = "DAL.Base", "DAL.Base\DAL.Base.csproj", "{EB44758F-6AFD-47C2-8236-57E69062B7C4}"
EndProject
Project("{FAE04EC0-301F-11D3-BF4B-00C04F79EFBC}") = "Extensions.Base", "Extensions.Base\Extensions.Base.csproj", "{39C0C717-1614-40F1-A2D4-0BC0BAE5AAB2}"
EndProject
Project("{FAE04EC0-301F-11D3-BF4B-00C04F79EFBC}") = "BLL.App", "BLL.App\BLL.App.csproj", "{67ADF4BF-B6E6-4226-A924-D04120FE6354}"
EndProject
Project("{FAE04EC0-301F-11D3-BF4B-00C04F79EFBC}") = "BLL.App.DTO", "BLL.App.DTO\BLL.App.DTO.csproj", "{B1D5879F-7390-45CA-995C-8EA0AA3A4060}"
EndProject
Project("{FAE04EC0-301F-11D3-BF4B-00C04F79EFBC}") = "Contracts.BLL.Base", "Contracts.BLL.Base\Contracts.BLL.Base.csproj", "{483B2C77-8173-400F-8AEF-1099BFEB1D0D}"
EndProject
Project("{FAE04EC0-301F-11D3-BF4B-00C04F79EFBC}") = "BLL.Base", "BLL.Base\BLL.Base.csproj", "{F70D9A74-C9B8-4CCF-9BA3-F14344502B05}"
EndProject
Project("{FAE04EC0-301F-11D3-BF4B-00C04F79EFBC}") = "DAL.App.DTO", "DAL.App.DTO\DAL.App.DTO.csproj", "{0736D612-CFD8-4027-9430-67249C6AEC5C}"
EndProject
Project("{FAE04EC0-301F-11D3-BF4B-00C04F79EFBC}") = "Contracts.BLL.App", "Contracts.BLL.App\Contracts.BLL.App.csproj", "{3D04DB07-6AE5-4EC2-BB39-59B8C56B1665}"
EndProject
Project("{2150E333-8FDC-42A3-9474-1A3956D46DE8}") = "Base", "Base", "{D84D35D7-7D4C-4C4F-8788-02AF5E3EFA91}"
EndProject
Project("{2150E333-8FDC-42A3-9474-1A3956D46DE8}") = "App", "App", "{D2F67E03-390E-463B-A25E-9E4215D0D765}"
EndProject
Project("{2150E333-8FDC-42A3-9474-1A3956D46DE8}") = "Contracts", "Contracts", "{38292529-92F3-407A-AC2B-380991C78788}"
EndProject
Project("{2150E333-8FDC-42A3-9474-1A3956D46DE8}") = "BLL", "BLL", "{C069492E-DF33-4CDA-BB83-6A5F28F1BA86}"
EndProject
Project("{2150E333-8FDC-42A3-9474-1A3956D46DE8}") = "Contracts", "Contracts", "{9DA1DC90-4BFD-4C97-ADB7-FEFD12224B74}"
EndProject
Project("{2150E333-8FDC-42A3-9474-1A3956D46DE8}") = "BLL", "BLL", "{8F16E483-AD25-4B1D-BE28-91D5E7561C1D}"
EndProject
Project("{2150E333-8FDC-42A3-9474-1A3956D46DE8}") = "DAL", "DAL", "{2F7E447F-CDFB-4E5C-BBCA-3AF46983CA2D}"
EndProject
Project("{2150E333-8FDC-42A3-9474-1A3956D46DE8}") = "DAL", "DAL", "{E5FD8996-E6D3-43DA-A0A8-6779CC61FFE5}"
EndProject
Project("{FAE04EC0-301F-11D3-BF4B-00C04F79EFBC}") = "DTO.App.V1", "DTO.App.V1\DTO.App.V1.csproj", "{CBE991FB-2217-4718-89A8-D06A335783FD}"
EndProject
Project("{FAE04EC0-301F-11D3-BF4B-00C04F79EFBC}") = "Resources", "Resources\Resources.csproj", "{3FDDC557-8DE0-4233-89B0-F15547ABEC07}"
EndProject
Project("{2150E333-8FDC-42A3-9474-1A3956D46DE8}") = "Tests", "Tests", "{EA5506F3-B36E-4D69-91B0-94240AE0873D}"
EndProject
Project("{FAE04EC0-301F-11D3-BF4B-00C04F79EFBC}") = "TestProject", "TestProject\TestProject.csproj", "{4352AF95-AEFE-47E1-AD95-5EA2912411D0}"
EndProject
Global
	GlobalSection(SolutionConfigurationPlatforms) = preSolution
		Debug|Any CPU = Debug|Any CPU
		Release|Any CPU = Release|Any CPU
	EndGlobalSection
	GlobalSection(ProjectConfigurationPlatforms) = postSolution
		{E9A0E4DD-BE86-4434-8AD4-3B82F06D6F56}.Debug|Any CPU.ActiveCfg = Debug|Any CPU
		{E9A0E4DD-BE86-4434-8AD4-3B82F06D6F56}.Debug|Any CPU.Build.0 = Debug|Any CPU
		{E9A0E4DD-BE86-4434-8AD4-3B82F06D6F56}.Release|Any CPU.ActiveCfg = Release|Any CPU
		{E9A0E4DD-BE86-4434-8AD4-3B82F06D6F56}.Release|Any CPU.Build.0 = Release|Any CPU
		{3CA4109E-E716-4B93-9FC7-B94B939396EC}.Debug|Any CPU.ActiveCfg = Debug|Any CPU
		{3CA4109E-E716-4B93-9FC7-B94B939396EC}.Debug|Any CPU.Build.0 = Debug|Any CPU
		{3CA4109E-E716-4B93-9FC7-B94B939396EC}.Release|Any CPU.ActiveCfg = Release|Any CPU
		{3CA4109E-E716-4B93-9FC7-B94B939396EC}.Release|Any CPU.Build.0 = Release|Any CPU
		{ADADE853-1385-4BAB-ABC8-CEA770140DD6}.Debug|Any CPU.ActiveCfg = Debug|Any CPU
		{ADADE853-1385-4BAB-ABC8-CEA770140DD6}.Debug|Any CPU.Build.0 = Debug|Any CPU
		{ADADE853-1385-4BAB-ABC8-CEA770140DD6}.Release|Any CPU.ActiveCfg = Release|Any CPU
		{ADADE853-1385-4BAB-ABC8-CEA770140DD6}.Release|Any CPU.Build.0 = Release|Any CPU
		{C0164AE6-9860-48F0-BA8E-398E3C3A6E78}.Debug|Any CPU.ActiveCfg = Debug|Any CPU
		{C0164AE6-9860-48F0-BA8E-398E3C3A6E78}.Debug|Any CPU.Build.0 = Debug|Any CPU
		{C0164AE6-9860-48F0-BA8E-398E3C3A6E78}.Release|Any CPU.ActiveCfg = Release|Any CPU
		{C0164AE6-9860-48F0-BA8E-398E3C3A6E78}.Release|Any CPU.Build.0 = Release|Any CPU
		{58AADC6C-B0A8-4AE7-BD3E-022635931565}.Debug|Any CPU.ActiveCfg = Debug|Any CPU
		{58AADC6C-B0A8-4AE7-BD3E-022635931565}.Debug|Any CPU.Build.0 = Debug|Any CPU
		{58AADC6C-B0A8-4AE7-BD3E-022635931565}.Release|Any CPU.ActiveCfg = Release|Any CPU
		{58AADC6C-B0A8-4AE7-BD3E-022635931565}.Release|Any CPU.Build.0 = Release|Any CPU
		{02FF75FE-70D7-4388-906E-CDBF6A0B66DC}.Debug|Any CPU.ActiveCfg = Debug|Any CPU
		{02FF75FE-70D7-4388-906E-CDBF6A0B66DC}.Debug|Any CPU.Build.0 = Debug|Any CPU
		{02FF75FE-70D7-4388-906E-CDBF6A0B66DC}.Release|Any CPU.ActiveCfg = Release|Any CPU
		{02FF75FE-70D7-4388-906E-CDBF6A0B66DC}.Release|Any CPU.Build.0 = Release|Any CPU
		{F119FC9A-3A4D-4B56-BD18-28F509BBE62B}.Debug|Any CPU.ActiveCfg = Debug|Any CPU
		{F119FC9A-3A4D-4B56-BD18-28F509BBE62B}.Debug|Any CPU.Build.0 = Debug|Any CPU
		{F119FC9A-3A4D-4B56-BD18-28F509BBE62B}.Release|Any CPU.ActiveCfg = Release|Any CPU
		{F119FC9A-3A4D-4B56-BD18-28F509BBE62B}.Release|Any CPU.Build.0 = Release|Any CPU
		{B2F2E114-EA4D-41F3-893A-95ABB6577A2F}.Debug|Any CPU.ActiveCfg = Debug|Any CPU
		{B2F2E114-EA4D-41F3-893A-95ABB6577A2F}.Debug|Any CPU.Build.0 = Debug|Any CPU
		{B2F2E114-EA4D-41F3-893A-95ABB6577A2F}.Release|Any CPU.ActiveCfg = Release|Any CPU
		{B2F2E114-EA4D-41F3-893A-95ABB6577A2F}.Release|Any CPU.Build.0 = Release|Any CPU
		{EB44758F-6AFD-47C2-8236-57E69062B7C4}.Debug|Any CPU.ActiveCfg = Debug|Any CPU
		{EB44758F-6AFD-47C2-8236-57E69062B7C4}.Debug|Any CPU.Build.0 = Debug|Any CPU
		{EB44758F-6AFD-47C2-8236-57E69062B7C4}.Release|Any CPU.ActiveCfg = Release|Any CPU
		{EB44758F-6AFD-47C2-8236-57E69062B7C4}.Release|Any CPU.Build.0 = Release|Any CPU
		{39C0C717-1614-40F1-A2D4-0BC0BAE5AAB2}.Debug|Any CPU.ActiveCfg = Debug|Any CPU
		{39C0C717-1614-40F1-A2D4-0BC0BAE5AAB2}.Debug|Any CPU.Build.0 = Debug|Any CPU
		{39C0C717-1614-40F1-A2D4-0BC0BAE5AAB2}.Release|Any CPU.ActiveCfg = Release|Any CPU
		{39C0C717-1614-40F1-A2D4-0BC0BAE5AAB2}.Release|Any CPU.Build.0 = Release|Any CPU
		{67ADF4BF-B6E6-4226-A924-D04120FE6354}.Debug|Any CPU.ActiveCfg = Debug|Any CPU
		{67ADF4BF-B6E6-4226-A924-D04120FE6354}.Debug|Any CPU.Build.0 = Debug|Any CPU
		{67ADF4BF-B6E6-4226-A924-D04120FE6354}.Release|Any CPU.ActiveCfg = Release|Any CPU
		{67ADF4BF-B6E6-4226-A924-D04120FE6354}.Release|Any CPU.Build.0 = Release|Any CPU
		{B1D5879F-7390-45CA-995C-8EA0AA3A4060}.Debug|Any CPU.ActiveCfg = Debug|Any CPU
		{B1D5879F-7390-45CA-995C-8EA0AA3A4060}.Debug|Any CPU.Build.0 = Debug|Any CPU
		{B1D5879F-7390-45CA-995C-8EA0AA3A4060}.Release|Any CPU.ActiveCfg = Release|Any CPU
		{B1D5879F-7390-45CA-995C-8EA0AA3A4060}.Release|Any CPU.Build.0 = Release|Any CPU
		{483B2C77-8173-400F-8AEF-1099BFEB1D0D}.Debug|Any CPU.ActiveCfg = Debug|Any CPU
		{483B2C77-8173-400F-8AEF-1099BFEB1D0D}.Debug|Any CPU.Build.0 = Debug|Any CPU
		{483B2C77-8173-400F-8AEF-1099BFEB1D0D}.Release|Any CPU.ActiveCfg = Release|Any CPU
		{483B2C77-8173-400F-8AEF-1099BFEB1D0D}.Release|Any CPU.Build.0 = Release|Any CPU
		{F70D9A74-C9B8-4CCF-9BA3-F14344502B05}.Debug|Any CPU.ActiveCfg = Debug|Any CPU
		{F70D9A74-C9B8-4CCF-9BA3-F14344502B05}.Debug|Any CPU.Build.0 = Debug|Any CPU
		{F70D9A74-C9B8-4CCF-9BA3-F14344502B05}.Release|Any CPU.ActiveCfg = Release|Any CPU
		{F70D9A74-C9B8-4CCF-9BA3-F14344502B05}.Release|Any CPU.Build.0 = Release|Any CPU
		{0736D612-CFD8-4027-9430-67249C6AEC5C}.Debug|Any CPU.ActiveCfg = Debug|Any CPU
		{0736D612-CFD8-4027-9430-67249C6AEC5C}.Debug|Any CPU.Build.0 = Debug|Any CPU
		{0736D612-CFD8-4027-9430-67249C6AEC5C}.Release|Any CPU.ActiveCfg = Release|Any CPU
		{0736D612-CFD8-4027-9430-67249C6AEC5C}.Release|Any CPU.Build.0 = Release|Any CPU
		{3D04DB07-6AE5-4EC2-BB39-59B8C56B1665}.Debug|Any CPU.ActiveCfg = Debug|Any CPU
		{3D04DB07-6AE5-4EC2-BB39-59B8C56B1665}.Debug|Any CPU.Build.0 = Debug|Any CPU
		{3D04DB07-6AE5-4EC2-BB39-59B8C56B1665}.Release|Any CPU.ActiveCfg = Release|Any CPU
		{3D04DB07-6AE5-4EC2-BB39-59B8C56B1665}.Release|Any CPU.Build.0 = Release|Any CPU
		{CBE991FB-2217-4718-89A8-D06A335783FD}.Debug|Any CPU.ActiveCfg = Debug|Any CPU
		{CBE991FB-2217-4718-89A8-D06A335783FD}.Debug|Any CPU.Build.0 = Debug|Any CPU
		{CBE991FB-2217-4718-89A8-D06A335783FD}.Release|Any CPU.ActiveCfg = Release|Any CPU
		{CBE991FB-2217-4718-89A8-D06A335783FD}.Release|Any CPU.Build.0 = Release|Any CPU
		{3FDDC557-8DE0-4233-89B0-F15547ABEC07}.Debug|Any CPU.ActiveCfg = Debug|Any CPU
		{3FDDC557-8DE0-4233-89B0-F15547ABEC07}.Debug|Any CPU.Build.0 = Debug|Any CPU
		{3FDDC557-8DE0-4233-89B0-F15547ABEC07}.Release|Any CPU.ActiveCfg = Release|Any CPU
		{3FDDC557-8DE0-4233-89B0-F15547ABEC07}.Release|Any CPU.Build.0 = Release|Any CPU
		{4352AF95-AEFE-47E1-AD95-5EA2912411D0}.Debug|Any CPU.ActiveCfg = Debug|Any CPU
		{4352AF95-AEFE-47E1-AD95-5EA2912411D0}.Debug|Any CPU.Build.0 = Debug|Any CPU
		{4352AF95-AEFE-47E1-AD95-5EA2912411D0}.Release|Any CPU.ActiveCfg = Release|Any CPU
		{4352AF95-AEFE-47E1-AD95-5EA2912411D0}.Release|Any CPU.Build.0 = Release|Any CPU
	EndGlobalSection
	GlobalSection(NestedProjects) = preSolution
		{38292529-92F3-407A-AC2B-380991C78788} = {D2F67E03-390E-463B-A25E-9E4215D0D765}
		{C069492E-DF33-4CDA-BB83-6A5F28F1BA86} = {D2F67E03-390E-463B-A25E-9E4215D0D765}
		{67ADF4BF-B6E6-4226-A924-D04120FE6354} = {C069492E-DF33-4CDA-BB83-6A5F28F1BA86}
		{B1D5879F-7390-45CA-995C-8EA0AA3A4060} = {C069492E-DF33-4CDA-BB83-6A5F28F1BA86}
		{9DA1DC90-4BFD-4C97-ADB7-FEFD12224B74} = {D84D35D7-7D4C-4C4F-8788-02AF5E3EFA91}
		{8F16E483-AD25-4B1D-BE28-91D5E7561C1D} = {D84D35D7-7D4C-4C4F-8788-02AF5E3EFA91}
		{F70D9A74-C9B8-4CCF-9BA3-F14344502B05} = {8F16E483-AD25-4B1D-BE28-91D5E7561C1D}
		{483B2C77-8173-400F-8AEF-1099BFEB1D0D} = {9DA1DC90-4BFD-4C97-ADB7-FEFD12224B74}
		{3D04DB07-6AE5-4EC2-BB39-59B8C56B1665} = {38292529-92F3-407A-AC2B-380991C78788}
		{B2F2E114-EA4D-41F3-893A-95ABB6577A2F} = {38292529-92F3-407A-AC2B-380991C78788}
		{F119FC9A-3A4D-4B56-BD18-28F509BBE62B} = {9DA1DC90-4BFD-4C97-ADB7-FEFD12224B74}
		{58AADC6C-B0A8-4AE7-BD3E-022635931565} = {9DA1DC90-4BFD-4C97-ADB7-FEFD12224B74}
		{2F7E447F-CDFB-4E5C-BBCA-3AF46983CA2D} = {D2F67E03-390E-463B-A25E-9E4215D0D765}
		{E5FD8996-E6D3-43DA-A0A8-6779CC61FFE5} = {D84D35D7-7D4C-4C4F-8788-02AF5E3EFA91}
		{0736D612-CFD8-4027-9430-67249C6AEC5C} = {2F7E447F-CDFB-4E5C-BBCA-3AF46983CA2D}
		{3CA4109E-E716-4B93-9FC7-B94B939396EC} = {2F7E447F-CDFB-4E5C-BBCA-3AF46983CA2D}
		{EB44758F-6AFD-47C2-8236-57E69062B7C4} = {E5FD8996-E6D3-43DA-A0A8-6779CC61FFE5}
		{02FF75FE-70D7-4388-906E-CDBF6A0B66DC} = {E5FD8996-E6D3-43DA-A0A8-6779CC61FFE5}
		{ADADE853-1385-4BAB-ABC8-CEA770140DD6} = {D2F67E03-390E-463B-A25E-9E4215D0D765}
		{C0164AE6-9860-48F0-BA8E-398E3C3A6E78} = {D84D35D7-7D4C-4C4F-8788-02AF5E3EFA91}
		{39C0C717-1614-40F1-A2D4-0BC0BAE5AAB2} = {D84D35D7-7D4C-4C4F-8788-02AF5E3EFA91}
		{E9A0E4DD-BE86-4434-8AD4-3B82F06D6F56} = {D2F67E03-390E-463B-A25E-9E4215D0D765}
		{CBE991FB-2217-4718-89A8-D06A335783FD} = {D2F67E03-390E-463B-A25E-9E4215D0D765}
		{3FDDC557-8DE0-4233-89B0-F15547ABEC07} = {D2F67E03-390E-463B-A25E-9E4215D0D765}
		{4352AF95-AEFE-47E1-AD95-5EA2912411D0} = {EA5506F3-B36E-4D69-91B0-94240AE0873D}
	EndGlobalSection
EndGlobal
